{
  "name": "New-CSEC-Website",
  "lockfileVersion": 3,
  "requires": true,
  "packages": {
    "": {
      "dependencies": {
        "bun": "^1.1.37",
        "yarn": "^1.22.22"
      }
    },
    "node_modules/@oven/bun-darwin-aarch64": {
      "version": "1.1.37",
      "resolved": "https://registry.npmjs.org/@oven/bun-darwin-aarch64/-/bun-darwin-aarch64-1.1.37.tgz",
      "integrity": "sha512-aJEIlKkyggqU+3fi9LUNUBQfyiuNurIs8YKWZeXo2bjUsDIfMEpBE2C5gNrD8lmseUB32JH9rA45YeHurAc4ew==",
      "cpu": [
        "arm64"
      ],
      "license": "MIT",
      "optional": true,
      "os": [
        "darwin"
      ]
    },
    "node_modules/@oven/bun-darwin-x64": {
      "version": "1.1.37",
      "resolved": "https://registry.npmjs.org/@oven/bun-darwin-x64/-/bun-darwin-x64-1.1.37.tgz",
      "integrity": "sha512-x5Zxjx2jneZbyMYXx9GoNRcp3aaR1ekPEoHPQM7ZY80ctEKw1iQKE7oH5rUis1NGm5Wbhhdpn0iTrNQBNntw8g==",
      "cpu": [
        "x64"
      ],
      "license": "MIT",
      "optional": true,
      "os": [
        "darwin"
      ]
    },
    "node_modules/@oven/bun-darwin-x64-baseline": {
      "version": "1.1.37",
      "resolved": "https://registry.npmjs.org/@oven/bun-darwin-x64-baseline/-/bun-darwin-x64-baseline-1.1.37.tgz",
      "integrity": "sha512-CTwhN/jF1sKOyMMMIy6t8XwlXbUcu2TSmL7aXcAySBGTaOB01irUyzYOSOv6QSMerPER5TJeYD7AvJOMwrSA2g==",
      "cpu": [
        "x64"
      ],
      "license": "MIT",
      "optional": true,
      "os": [
        "darwin"
      ]
    },
    "node_modules/@oven/bun-linux-aarch64": {
      "version": "1.1.37",
      "resolved": "https://registry.npmjs.org/@oven/bun-linux-aarch64/-/bun-linux-aarch64-1.1.37.tgz",
      "integrity": "sha512-qi1kwmFpmJ2Ymya6L/ob840SCbBajUjfBi7KxuvuNcl/PsZZE2EbvBar5gaq62l32g4WB50qw7zezTXiW4lM+w==",
      "cpu": [
        "arm64"
      ],
      "license": "MIT",
      "optional": true,
      "os": [
        "linux"
      ]
    },
    "node_modules/@oven/bun-linux-x64": {
      "version": "1.1.37",
      "resolved": "https://registry.npmjs.org/@oven/bun-linux-x64/-/bun-linux-x64-1.1.37.tgz",
      "integrity": "sha512-Jw5GKyvUxKprLM2mxqXEuNsjlbeOYkbPy7n42E6P4+G2DsLanUOImlbBjHP1SKz6MU/foqUNJjHahyjteGfyKQ==",
      "cpu": [
        "x64"
      ],
      "license": "MIT",
      "optional": true,
      "os": [
        "linux"
      ]
    },
    "node_modules/@oven/bun-linux-x64-baseline": {
      "version": "1.1.37",
      "resolved": "https://registry.npmjs.org/@oven/bun-linux-x64-baseline/-/bun-linux-x64-baseline-1.1.37.tgz",
      "integrity": "sha512-0iSCVYMHCnyb61Wuzk8PiQb/SHZEC9YS+mbGenRegCWj6u1C6fAzMJLEeXRPL8lhn++sYqgDAylqEeSUSNT7rw==",
      "cpu": [
        "x64"
      ],
      "license": "MIT",
      "optional": true,
      "os": [
        "linux"
      ]
    },
    "node_modules/@oven/bun-windows-x64": {
      "version": "1.1.37",
      "resolved": "https://registry.npmjs.org/@oven/bun-windows-x64/-/bun-windows-x64-1.1.37.tgz",
      "integrity": "sha512-+hGwzXZsz32KXCt6mIAE2ih6yis/50jionthaj4MSvlETHLmJWSc6OOsNi7S03EPoVJTqF6A3q1wJTqI9N/xLw==",
      "cpu": [
        "x64"
      ],
      "license": "MIT",
      "optional": true,
      "os": [
        "win32"
      ]
    },
    "node_modules/@oven/bun-windows-x64-baseline": {
      "version": "1.1.37",
      "resolved": "https://registry.npmjs.org/@oven/bun-windows-x64-baseline/-/bun-windows-x64-baseline-1.1.37.tgz",
      "integrity": "sha512-pBexjzqI5txXZWSfZYHlB1b+9zUQ3RJd071tyaB9zdaWUy0oRmKxgJerG+SrzKlaHFozkklKJ36JVbq1E/1MSA==",
      "cpu": [
        "x64"
      ],
      "license": "MIT",
      "optional": true,
      "os": [
        "win32"
      ]
    },
    "node_modules/bun": {
      "version": "1.1.37",
      "resolved": "https://registry.npmjs.org/bun/-/bun-1.1.37.tgz",
      "integrity": "sha512-8jp2JhT5w+CzdrnDMwLPFK0lDZdPqo/SWih9gd7WIA0r+aC2LBnAMVCG6g31SNRPILkWLhtcXvuttb9vTH6qqg==",
      "cpu": [
        "arm64",
        "x64"
      ],
      "hasInstallScript": true,
      "license": "MIT",
      "os": [
        "darwin",
        "linux",
        "win32"
      ],
      "bin": {
        "bun": "bin/bun.exe",
        "bunx": "bin/bun.exe"
      },
      "optionalDependencies": {
        "@oven/bun-darwin-aarch64": "1.1.37",
        "@oven/bun-darwin-x64": "1.1.37",
        "@oven/bun-darwin-x64-baseline": "1.1.37",
        "@oven/bun-linux-aarch64": "1.1.37",
        "@oven/bun-linux-x64": "1.1.37",
        "@oven/bun-linux-x64-baseline": "1.1.37",
        "@oven/bun-windows-x64": "1.1.37",
        "@oven/bun-windows-x64-baseline": "1.1.37"
      }
    },
    "node_modules/yarn": {
      "version": "1.22.22",
      "resolved": "https://registry.npmjs.org/yarn/-/yarn-1.22.22.tgz",
      "integrity": "sha512-prL3kGtyG7o9Z9Sv8IPfBNrWTDmXB4Qbes8A9rEzt6wkJV8mUvoirjU0Mp3GGAU06Y0XQyA3/2/RQFVuK7MTfg==",
      "hasInstallScript": true,
      "license": "BSD-2-Clause",
      "bin": {
        "yarn": "bin/yarn.js",
        "yarnpkg": "bin/yarn.js"
      },
      "engines": {
        "node": ">=4.0.0"
      }
    }
  }
}
